// !$*UTF8*$!
{
	archiveVersion = 1;
	classes = {
	};
	objectVersion = 56;
	objects = {

/* Begin PBXBuildFile section */
		AE71FD692AC0377400997564 /* SnapKit in Frameworks */ = {isa = PBXBuildFile; productRef = AE71FD682AC0377400997564 /* SnapKit */; };
		AE71FD6C2AC0378200997564 /* Alamofire in Frameworks */ = {isa = PBXBuildFile; productRef = AE71FD6B2AC0378200997564 /* Alamofire */; };
		AE71FD6E2AC037AA00997564 /* AlamofireProviderService.swift in Sources */ = {isa = PBXBuildFile; fileRef = AE71FD6D2AC037AA00997564 /* AlamofireProviderService.swift */; };
		AE71FD702AC03A3D00997564 /* PhotosModel.swift in Sources */ = {isa = PBXBuildFile; fileRef = AE71FD6F2AC03A3D00997564 /* PhotosModel.swift */; };
		AE71FD722AC0452A00997564 /* PhotoCell.swift in Sources */ = {isa = PBXBuildFile; fileRef = AE71FD712AC0452A00997564 /* PhotoCell.swift */; };
		AE71FD742AC04B9000997564 /* LoadingCell.swift in Sources */ = {isa = PBXBuildFile; fileRef = AE71FD732AC04B9000997564 /* LoadingCell.swift */; };
		AE71FD762AC0562100997564 /* String+Extension.swift in Sources */ = {isa = PBXBuildFile; fileRef = AE71FD752AC0562100997564 /* String+Extension.swift */; };
		AEBDBC142AC0302B001E9379 /* AppDelegate.swift in Sources */ = {isa = PBXBuildFile; fileRef = AEBDBC132AC0302B001E9379 /* AppDelegate.swift */; };
		AEBDBC162AC0302B001E9379 /* SceneDelegate.swift in Sources */ = {isa = PBXBuildFile; fileRef = AEBDBC152AC0302B001E9379 /* SceneDelegate.swift */; };
		AEBDBC182AC0302B001E9379 /* MainViewController.swift in Sources */ = {isa = PBXBuildFile; fileRef = AEBDBC172AC0302B001E9379 /* MainViewController.swift */; };
		AEBDBC1D2AC0302C001E9379 /* Assets.xcassets in Resources */ = {isa = PBXBuildFile; fileRef = AEBDBC1C2AC0302C001E9379 /* Assets.xcassets */; };
		AEBDBC202AC0302C001E9379 /* LaunchScreen.storyboard in Resources */ = {isa = PBXBuildFile; fileRef = AEBDBC1E2AC0302C001E9379 /* LaunchScreen.storyboard */; };
/* End PBXBuildFile section */

/* Begin PBXFileReference section */
		AE71FD6D2AC037AA00997564 /* AlamofireProviderService.swift */ = {isa = PBXFileReference; lastKnownFileType = sourcecode.swift; path = AlamofireProviderService.swift; sourceTree = "<group>"; };
		AE71FD6F2AC03A3D00997564 /* PhotosModel.swift */ = {isa = PBXFileReference; lastKnownFileType = sourcecode.swift; path = PhotosModel.swift; sourceTree = "<group>"; };
		AE71FD712AC0452A00997564 /* PhotoCell.swift */ = {isa = PBXFileReference; lastKnownFileType = sourcecode.swift; path = PhotoCell.swift; sourceTree = "<group>"; };
		AE71FD732AC04B9000997564 /* LoadingCell.swift */ = {isa = PBXFileReference; lastKnownFileType = sourcecode.swift; path = LoadingCell.swift; sourceTree = "<group>"; };
		AE71FD752AC0562100997564 /* String+Extension.swift */ = {isa = PBXFileReference; lastKnownFileType = sourcecode.swift; path = "String+Extension.swift"; sourceTree = "<group>"; };
		AEBDBC102AC0302B001E9379 /* Test Task Balinasoft.app */ = {isa = PBXFileReference; explicitFileType = wrapper.application; includeInIndex = 0; path = "Test Task Balinasoft.app"; sourceTree = BUILT_PRODUCTS_DIR; };
		AEBDBC132AC0302B001E9379 /* AppDelegate.swift */ = {isa = PBXFileReference; lastKnownFileType = sourcecode.swift; path = AppDelegate.swift; sourceTree = "<group>"; };
		AEBDBC152AC0302B001E9379 /* SceneDelegate.swift */ = {isa = PBXFileReference; lastKnownFileType = sourcecode.swift; path = SceneDelegate.swift; sourceTree = "<group>"; };
		AEBDBC172AC0302B001E9379 /* MainViewController.swift */ = {isa = PBXFileReference; lastKnownFileType = sourcecode.swift; path = MainViewController.swift; sourceTree = "<group>"; };
		AEBDBC1C2AC0302C001E9379 /* Assets.xcassets */ = {isa = PBXFileReference; lastKnownFileType = folder.assetcatalog; path = Assets.xcassets; sourceTree = "<group>"; };
		AEBDBC1F2AC0302C001E9379 /* Base */ = {isa = PBXFileReference; lastKnownFileType = file.storyboard; name = Base; path = Base.lproj/LaunchScreen.storyboard; sourceTree = "<group>"; };
		AEBDBC212AC0302C001E9379 /* Info.plist */ = {isa = PBXFileReference; lastKnownFileType = text.plist.xml; path = Info.plist; sourceTree = "<group>"; };
/* End PBXFileReference section */

/* Begin PBXFrameworksBuildPhase section */
		AEBDBC0D2AC0302A001E9379 /* Frameworks */ = {
			isa = PBXFrameworksBuildPhase;
			buildActionMask = 2147483647;
			files = (
				AE71FD692AC0377400997564 /* SnapKit in Frameworks */,
				AE71FD6C2AC0378200997564 /* Alamofire in Frameworks */,
			);
			runOnlyForDeploymentPostprocessing = 0;
		};
/* End PBXFrameworksBuildPhase section */

/* Begin PBXGroup section */
		AE71FD772AC075E600997564 /* UITableViewCell */ = {
			isa = PBXGroup;
			children = (
				AE71FD712AC0452A00997564 /* PhotoCell.swift */,
				AE71FD732AC04B9000997564 /* LoadingCell.swift */,
			);
			path = UITableViewCell;
			sourceTree = "<group>";
		};
		AE71FD782AC075FF00997564 /* NetworkService */ = {
			isa = PBXGroup;
			children = (
				AE71FD6D2AC037AA00997564 /* AlamofireProviderService.swift */,
				AE71FD6F2AC03A3D00997564 /* PhotosModel.swift */,
			);
			path = NetworkService;
			sourceTree = "<group>";
		};
		AE71FD792AC0761500997564 /* Extension */ = {
			isa = PBXGroup;
			children = (
				AE71FD752AC0562100997564 /* String+Extension.swift */,
			);
			path = Extension;
			sourceTree = "<group>";
		};
		AE71FD7A2AC0762300997564 /* ViewControllers */ = {
			isa = PBXGroup;
			children = (
				AEBDBC172AC0302B001E9379 /* MainViewController.swift */,
			);
			path = ViewControllers;
			sourceTree = "<group>";
		};
		AE71FD7B2AC0763100997564 /* Delegate */ = {
			isa = PBXGroup;
			children = (
				AEBDBC132AC0302B001E9379 /* AppDelegate.swift */,
				AEBDBC152AC0302B001E9379 /* SceneDelegate.swift */,
			);
			path = Delegate;
			sourceTree = "<group>";
		};
		AEBDBC072AC0302A001E9379 = {
			isa = PBXGroup;
			children = (
				AEBDBC122AC0302B001E9379 /* Test Task Balinasoft */,
				AEBDBC112AC0302B001E9379 /* Products */,
			);
			sourceTree = "<group>";
		};
		AEBDBC112AC0302B001E9379 /* Products */ = {
			isa = PBXGroup;
			children = (
				AEBDBC102AC0302B001E9379 /* Test Task Balinasoft.app */,
			);
			name = Products;
			sourceTree = "<group>";
		};
		AEBDBC122AC0302B001E9379 /* Test Task Balinasoft */ = {
			isa = PBXGroup;
			children = (
				AE71FD7B2AC0763100997564 /* Delegate */,
				AE71FD7A2AC0762300997564 /* ViewControllers */,
				AE71FD782AC075FF00997564 /* NetworkService */,
				AE71FD772AC075E600997564 /* UITableViewCell */,
				AE71FD792AC0761500997564 /* Extension */,
				AEBDBC1C2AC0302C001E9379 /* Assets.xcassets */,
				AEBDBC1E2AC0302C001E9379 /* LaunchScreen.storyboard */,
				AEBDBC212AC0302C001E9379 /* Info.plist */,
			);
			path = "Test Task Balinasoft";
			sourceTree = "<group>";
		};
/* End PBXGroup section */

/* Begin PBXNativeTarget section */
		AEBDBC0F2AC0302A001E9379 /* Test Task Balinasoft */ = {
			isa = PBXNativeTarget;
			buildConfigurationList = AEBDBC242AC0302C001E9379 /* Build configuration list for PBXNativeTarget "Test Task Balinasoft" */;
			buildPhases = (
				AEBDBC0C2AC0302A001E9379 /* Sources */,
				AEBDBC0D2AC0302A001E9379 /* Frameworks */,
				AEBDBC0E2AC0302A001E9379 /* Resources */,
			);
			buildRules = (
			);
			dependencies = (
			);
			name = "Test Task Balinasoft";
			packageProductDependencies = (
				AE71FD682AC0377400997564 /* SnapKit */,
				AE71FD6B2AC0378200997564 /* Alamofire */,
			);
			productName = "Test Task Balinasoft";
			productReference = AEBDBC102AC0302B001E9379 /* Test Task Balinasoft.app */;
			productType = "com.apple.product-type.application";
		};
/* End PBXNativeTarget section */

/* Begin PBXProject section */
		AEBDBC082AC0302A001E9379 /* Project object */ = {
			isa = PBXProject;
			attributes = {
				BuildIndependentTargetsInParallel = 1;
				LastSwiftUpdateCheck = 1430;
				LastUpgradeCheck = 1430;
				TargetAttributes = {
					AEBDBC0F2AC0302A001E9379 = {
						CreatedOnToolsVersion = 14.3.1;
					};
				};
			};
			buildConfigurationList = AEBDBC0B2AC0302A001E9379 /* Build configuration list for PBXProject "Test Task Balinasoft" */;
			compatibilityVersion = "Xcode 14.0";
			developmentRegion = en;
			hasScannedForEncodings = 0;
			knownRegions = (
				en,
				Base,
			);
			mainGroup = AEBDBC072AC0302A001E9379;
			packageReferences = (
				AE71FD672AC0377400997564 /* XCRemoteSwiftPackageReference "SnapKit" */,
				AE71FD6A2AC0378200997564 /* XCRemoteSwiftPackageReference "Alamofire" */,
			);
			productRefGroup = AEBDBC112AC0302B001E9379 /* Products */;
			projectDirPath = "";
			projectRoot = "";
			targets = (
				AEBDBC0F2AC0302A001E9379 /* Test Task Balinasoft */,
			);
		};
/* End PBXProject section */

/* Begin PBXResourcesBuildPhase section */
		AEBDBC0E2AC0302A001E9379 /* Resources */ = {
			isa = PBXResourcesBuildPhase;
			buildActionMask = 2147483647;
			files = (
				AEBDBC202AC0302C001E9379 /* LaunchScreen.storyboard in Resources */,
				AEBDBC1D2AC0302C001E9379 /* Assets.xcassets in Resources */,
			);
			runOnlyForDeploymentPostprocessing = 0;
		};
/* End PBXResourcesBuildPhase section */

/* Begin PBXSourcesBuildPhase section */
		AEBDBC0C2AC0302A001E9379 /* Sources */ = {
			isa = PBXSourcesBuildPhase;
			buildActionMask = 2147483647;
			files = (
				AE71FD762AC0562100997564 /* String+Extension.swift in Sources */,
				AEBDBC182AC0302B001E9379 /* MainViewController.swift in Sources */,
				AE71FD6E2AC037AA00997564 /* AlamofireProviderService.swift in Sources */,
				AE71FD742AC04B9000997564 /* LoadingCell.swift in Sources */,
				AEBDBC142AC0302B001E9379 /* AppDelegate.swift in Sources */,
				AEBDBC162AC0302B001E9379 /* SceneDelegate.swift in Sources */,
				AE71FD722AC0452A00997564 /* PhotoCell.swift in Sources */,
				AE71FD702AC03A3D00997564 /* PhotosModel.swift in Sources */,
			);
			runOnlyForDeploymentPostprocessing = 0;
		};
/* End PBXSourcesBuildPhase section */

/* Begin PBXVariantGroup section */
		AEBDBC1E2AC0302C001E9379 /* LaunchScreen.storyboard */ = {
			isa = PBXVariantGroup;
			children = (
				AEBDBC1F2AC0302C001E9379 /* Base */,
			);
			name = LaunchScreen.storyboard;
			sourceTree = "<group>";
		};
/* End PBXVariantGroup section */

/* Begin XCBuildConfiguration section */
		AEBDBC222AC0302C001E9379 /* Debug */ = {
			isa = XCBuildConfiguration;
			buildSettings = {
				ALWAYS_SEARCH_USER_PATHS = NO;
				CLANG_ANALYZER_NONNULL = YES;
				CLANG_ANALYZER_NUMBER_OBJECT_CONVERSION = YES_AGGRESSIVE;
				CLANG_CXX_LANGUAGE_STANDARD = "gnu++20";
				CLANG_ENABLE_MODULES = YES;
				CLANG_ENABLE_OBJC_ARC = YES;
				CLANG_ENABLE_OBJC_WEAK = YES;
				CLANG_WARN_BLOCK_CAPTURE_AUTORELEASING = YES;
				CLANG_WARN_BOOL_CONVERSION = YES;
				CLANG_WARN_COMMA = YES;
				CLANG_WARN_CONSTANT_CONVERSION = YES;
				CLANG_WARN_DEPRECATED_OBJC_IMPLEMENTATIONS = YES;
				CLANG_WARN_DIRECT_OBJC_ISA_USAGE = YES_ERROR;
				CLANG_WARN_DOCUMENTATION_COMMENTS = YES;
				CLANG_WARN_EMPTY_BODY = YES;
				CLANG_WARN_ENUM_CONVERSION = YES;
				CLANG_WARN_INFINITE_RECURSION = YES;
				CLANG_WARN_INT_CONVERSION = YES;
				CLANG_WARN_NON_LITERAL_NULL_CONVERSION = YES;
				CLANG_WARN_OBJC_IMPLICIT_RETAIN_SELF = YES;
				CLANG_WARN_OBJC_LITERAL_CONVERSION = YES;
				CLANG_WARN_OBJC_ROOT_CLASS = YES_ERROR;
				CLANG_WARN_QUOTED_INCLUDE_IN_FRAMEWORK_HEADER = YES;
				CLANG_WARN_RANGE_LOOP_ANALYSIS = YES;
				CLANG_WARN_STRICT_PROTOTYPES = YES;
				CLANG_WARN_SUSPICIOUS_MOVE = YES;
				CLANG_WARN_UNGUARDED_AVAILABILITY = YES_AGGRESSIVE;
				CLANG_WARN_UNREACHABLE_CODE = YES;
				CLANG_WARN__DUPLICATE_METHOD_MATCH = YES;
				COPY_PHASE_STRIP = NO;
				DEBUG_INFORMATION_FORMAT = dwarf;
				ENABLE_STRICT_OBJC_MSGSEND = YES;
				ENABLE_TESTABILITY = YES;
				GCC_C_LANGUAGE_STANDARD = gnu11;
				GCC_DYNAMIC_NO_PIC = NO;
				GCC_NO_COMMON_BLOCKS = YES;
				GCC_OPTIMIZATION_LEVEL = 0;
				GCC_PREPROCESSOR_DEFINITIONS = (
					"DEBUG=1",
					"$(inherited)",
				);
				GCC_WARN_64_TO_32_BIT_CONVERSION = YES;
				GCC_WARN_ABOUT_RETURN_TYPE = YES_ERROR;
				GCC_WARN_UNDECLARED_SELECTOR = YES;
				GCC_WARN_UNINITIALIZED_AUTOS = YES_AGGRESSIVE;
				GCC_WARN_UNUSED_FUNCTION = YES;
				GCC_WARN_UNUSED_VARIABLE = YES;
				IPHONEOS_DEPLOYMENT_TARGET = 15.0;
				MTL_ENABLE_DEBUG_INFO = INCLUDE_SOURCE;
				MTL_FAST_MATH = YES;
				ONLY_ACTIVE_ARCH = YES;
				SDKROOT = iphoneos;
				SWIFT_ACTIVE_COMPILATION_CONDITIONS = DEBUG;
				SWIFT_OPTIMIZATION_LEVEL = "-Onone";
			};
			name = Debug;
		};
		AEBDBC232AC0302C001E9379 /* Release */ = {
			isa = XCBuildConfiguration;
			buildSettings = {
				ALWAYS_SEARCH_USER_PATHS = NO;
				CLANG_ANALYZER_NONNULL = YES;
				CLANG_ANALYZER_NUMBER_OBJECT_CONVERSION = YES_AGGRESSIVE;
				CLANG_CXX_LANGUAGE_STANDARD = "gnu++20";
				CLANG_ENABLE_MODULES = YES;
				CLANG_ENABLE_OBJC_ARC = YES;
				CLANG_ENABLE_OBJC_WEAK = YES;
				CLANG_WARN_BLOCK_CAPTURE_AUTORELEASING = YES;
				CLANG_WARN_BOOL_CONVERSION = YES;
				CLANG_WARN_COMMA = YES;
				CLANG_WARN_CONSTANT_CONVERSION = YES;
				CLANG_WARN_DEPRECATED_OBJC_IMPLEMENTATIONS = YES;
				CLANG_WARN_DIRECT_OBJC_ISA_USAGE = YES_ERROR;
				CLANG_WARN_DOCUMENTATION_COMMENTS = YES;
				CLANG_WARN_EMPTY_BODY = YES;
				CLANG_WARN_ENUM_CONVERSION = YES;
				CLANG_WARN_INFINITE_RECURSION = YES;
				CLANG_WARN_INT_CONVERSION = YES;
				CLANG_WARN_NON_LITERAL_NULL_CONVERSION = YES;
				CLANG_WARN_OBJC_IMPLICIT_RETAIN_SELF = YES;
				CLANG_WARN_OBJC_LITERAL_CONVERSION = YES;
				CLANG_WARN_OBJC_ROOT_CLASS = YES_ERROR;
				CLANG_WARN_QUOTED_INCLUDE_IN_FRAMEWORK_HEADER = YES;
				CLANG_WARN_RANGE_LOOP_ANALYSIS = YES;
				CLANG_WARN_STRICT_PROTOTYPES = YES;
				CLANG_WARN_SUSPICIOUS_MOVE = YES;
				CLANG_WARN_UNGUARDED_AVAILABILITY = YES_AGGRESSIVE;
				CLANG_WARN_UNREACHABLE_CODE = YES;
				CLANG_WARN__DUPLICATE_METHOD_MATCH = YES;
				COPY_PHASE_STRIP = NO;
				DEBUG_INFORMATION_FORMAT = "dwarf-with-dsym";
				ENABLE_NS_ASSERTIONS = NO;
				ENABLE_STRICT_OBJC_MSGSEND = YES;
				GCC_C_LANGUAGE_STANDARD = gnu11;
				GCC_NO_COMMON_BLOCKS = YES;
				GCC_WARN_64_TO_32_BIT_CONVERSION = YES;
				GCC_WARN_ABOUT_RETURN_TYPE = YES_ERROR;
				GCC_WARN_UNDECLARED_SELECTOR = YES;
				GCC_WARN_UNINITIALIZED_AUTOS = YES_AGGRESSIVE;
				GCC_WARN_UNUSED_FUNCTION = YES;
				GCC_WARN_UNUSED_VARIABLE = YES;
				IPHONEOS_DEPLOYMENT_TARGET = 15.0;
				MTL_ENABLE_DEBUG_INFO = NO;
				MTL_FAST_MATH = YES;
				SDKROOT = iphoneos;
				SWIFT_COMPILATION_MODE = wholemodule;
				SWIFT_OPTIMIZATION_LEVEL = "-O";
				VALIDATE_PRODUCT = YES;
			};
			name = Release;
		};
		AEBDBC252AC0302C001E9379 /* Debug */ = {
			isa = XCBuildConfiguration;
			buildSettings = {
				ASSETCATALOG_COMPILER_APPICON_NAME = AppIcon;
				ASSETCATALOG_COMPILER_GLOBAL_ACCENT_COLOR_NAME = AccentColor;
				CODE_SIGN_STYLE = Automatic;
				CURRENT_PROJECT_VERSION = 1;
				DEVELOPMENT_TEAM = NY9SGUADU3;
				GENERATE_INFOPLIST_FILE = YES;
				INFOPLIST_FILE = "Test Task Balinasoft/Info.plist";
				INFOPLIST_KEY_UIApplicationSupportsIndirectInputEvents = YES;
				INFOPLIST_KEY_UILaunchStoryboardName = LaunchScreen;
				INFOPLIST_KEY_UIMainStoryboardFile = "";
				INFOPLIST_KEY_UISupportedInterfaceOrientations_iPad = "UIInterfaceOrientationPortrait UIInterfaceOrientationPortraitUpsideDown UIInterfaceOrientationLandscapeLeft UIInterfaceOrientationLandscapeRight";
				INFOPLIST_KEY_UISupportedInterfaceOrientations_iPhone = "UIInterfaceOrientationPortrait UIInterfaceOrientationLandscapeLeft UIInterfaceOrientationLandscapeRight";
				IPHONEOS_DEPLOYMENT_TARGET = 15.0;
				LD_RUNPATH_SEARCH_PATHS = (
					"$(inherited)",
					"@executable_path/Frameworks",
				);
				MARKETING_VERSION = 1.0;
				PRODUCT_BUNDLE_IDENTIFIER = "com.artsiomKorenko.Test-Task-Balinasoft";
				PRODUCT_NAME = "$(TARGET_NAME)";
				SWIFT_EMIT_LOC_STRINGS = YES;
				SWIFT_VERSION = 5.0;
				TARGETED_DEVICE_FAMILY = "1,2";
			};
			name = Debug;
		};
		AEBDBC262AC0302C001E9379 /* Release */ = {
			isa = XCBuildConfiguration;
			buildSettings = {
				ASSETCATALOG_COMPILER_APPICON_NAME = AppIcon;
				ASSETCATALOG_COMPILER_GLOBAL_ACCENT_COLOR_NAME = AccentColor;
				CODE_SIGN_STYLE = Automatic;
				CURRENT_PROJECT_VERSION = 1;
				DEVELOPMENT_TEAM = NY9SGUADU3;
				GENERATE_INFOPLIST_FILE = YES;
				INFOPLIST_FILE = "Test Task Balinasoft/Info.plist";
				INFOPLIST_KEY_UIApplicationSupportsIndirectInputEvents = YES;
				INFOPLIST_KEY_UILaunchStoryboardName = LaunchScreen;
				INFOPLIST_KEY_UIMainStoryboardFile = "";
				INFOPLIST_KEY_UISupportedInterfaceOrientations_iPad = "UIInterfaceOrientationPortrait UIInterfaceOrientationPortraitUpsideDown UIInterfaceOrientationLandscapeLeft UIInterfaceOrientationLandscapeRight";
				INFOPLIST_KEY_UISupportedInterfaceOrientations_iPhone = "UIInterfaceOrientationPortrait UIInterfaceOrientationLandscapeLeft UIInterfaceOrientationLandscapeRight";
				IPHONEOS_DEPLOYMENT_TARGET = 15.0;
				LD_RUNPATH_SEARCH_PATHS = (
					"$(inherited)",
					"@executable_path/Frameworks",
				);
				MARKETING_VERSION = 1.0;
				PRODUCT_BUNDLE_IDENTIFIER = "com.artsiomKorenko.Test-Task-Balinasoft";
				PRODUCT_NAME = "$(TARGET_NAME)";
				SWIFT_EMIT_LOC_STRINGS = YES;
				SWIFT_VERSION = 5.0;
				TARGETED_DEVICE_FAMILY = "1,2";
			};
			name = Release;
		};
/* End XCBuildConfiguration section */

/* Begin XCConfigurationList section */
		AEBDBC0B2AC0302A001E9379 /* Build configuration list for PBXProject "Test Task Balinasoft" */ = {
			isa = XCConfigurationList;
			buildConfigurations = (
				AEBDBC222AC0302C001E9379 /* Debug */,
				AEBDBC232AC0302C001E9379 /* Release */,
			);
			defaultConfigurationIsVisible = 0;
			defaultConfigurationName = Release;
		};
		AEBDBC242AC0302C001E9379 /* Build configuration list for PBXNativeTarget "Test Task Balinasoft" */ = {
			isa = XCConfigurationList;
			buildConfigurations = (
				AEBDBC252AC0302C001E9379 /* Debug */,
				AEBDBC262AC0302C001E9379 /* Release */,
			);
			defaultConfigurationIsVisible = 0;
			defaultConfigurationName = Release;
		};
/* End XCConfigurationList section */

/* Begin XCRemoteSwiftPackageReference section */
		AE71FD672AC0377400997564 /* XCRemoteSwiftPackageReference "SnapKit" */ = {
			isa = XCRemoteSwiftPackageReference;
			repositoryURL = "https://github.com/SnapKit/SnapKit.git";
			requirement = {
				kind = upToNextMajorVersion;
				minimumVersion = 5.0.0;
			};
		};
		AE71FD6A2AC0378200997564 /* XCRemoteSwiftPackageReference "Alamofire" */ = {
			isa = XCRemoteSwiftPackageReference;
			repositoryURL = "https://github.com/Alamofire/Alamofire.git";
			requirement = {
				kind = upToNextMajorVersion;
				minimumVersion = 5.0.0;
			};
		};
/* End XCRemoteSwiftPackageReference section */

/* Begin XCSwiftPackageProductDependency section */
		AE71FD682AC0377400997564 /* SnapKit */ = {
			isa = XCSwiftPackageProductDependency;
			package = AE71FD672AC0377400997564 /* XCRemoteSwiftPackageReference "SnapKit" */;
			productName = SnapKit;
		};
		AE71FD6B2AC0378200997564 /* Alamofire */ = {
			isa = XCSwiftPackageProductDependency;
			package = AE71FD6A2AC0378200997564 /* XCRemoteSwiftPackageReference "Alamofire" */;
			productName = Alamofire;
		};
/* End XCSwiftPackageProductDependency section */
	};
	rootObject = AEBDBC082AC0302A001E9379 /* Project object */;
}
